{
    "name": "@yasoonofficial/jiramark",
    "version": "0.5.1",
    "lockfileVersion": 2,
    "requires": true,
    "packages": {
        "": {
            "name": "@yasoonofficial/jiramark",
            "version": "0.5.1",
            "license": "MPL-2.0",
            "dependencies": {
                "assert-plus": "~1.0.0",
                "ent": "2.0.0",
                "jsprim": "^1.4.0",
                "ohm-js": "~0.14.0"
            }
        },
        "node_modules/assert-plus": {
            "version": "1.0.0",
            "resolved": "https://registry.npmjs.org/assert-plus/-/assert-plus-1.0.0.tgz",
            "integrity": "sha512-NfJ4UzBCcQGLDlQq7nHxH+tv3kyZ0hHQqF5BO6J7tNJeP5do1llPr8dZ8zHonfhAu0PHAdMkSo+8o0wxg9lZWw==",
            "engines": {
                "node": ">=0.8"
            }
        },
        "node_modules/d": {
            "version": "1.0.1",
            "resolved": "https://registry.npmjs.org/d/-/d-1.0.1.tgz",
            "integrity": "sha512-m62ShEObQ39CfralilEQRjH6oAMtNCV1xJyEx5LpRYUVN+EviphDgUc/F3hnYbADmkiNs67Y+3ylmlG7Lnu+FA==",
            "dependencies": {
                "es5-ext": "^0.10.50",
                "type": "^1.0.1"
            }
        },
        "node_modules/ent": {
            "version": "2.0.0",
            "resolved": "https://registry.npmjs.org/ent/-/ent-2.0.0.tgz",
            "integrity": "sha512-lH7vSpql+ZXZ3p7q6LutJxwTGypty20c8wU9KjvdQyx6kvuS6tuVgz5eBOJ5RCs75FDNGdYtpirDyJ4PC7W9VQ=="
        },
        "node_modules/es5-ext": {
            "version": "0.10.62",
            "resolved": "https://registry.npmjs.org/es5-ext/-/es5-ext-0.10.62.tgz",
            "integrity": "sha512-BHLqn0klhEpnOKSrzn/Xsz2UIW8j+cGmo9JLzr8BiUapV8hPL9+FliFqjwr9ngW7jWdnxv6eO+/LqyhJVqgrjA==",
            "hasInstallScript": true,
            "dependencies": {
                "es6-iterator": "^2.0.3",
                "es6-symbol": "^3.1.3",
                "next-tick": "^1.1.0"
            },
            "engines": {
                "node": ">=0.10"
            }
        },
        "node_modules/es6-iterator": {
            "version": "2.0.3",
            "resolved": "https://registry.npmjs.org/es6-iterator/-/es6-iterator-2.0.3.tgz",
            "integrity": "sha512-zw4SRzoUkd+cl+ZoE15A9o1oQd920Bb0iOJMQkQhl3jNc03YqVjAhG7scf9C5KWRU/R13Orf588uCC6525o02g==",
            "dependencies": {
                "d": "1",
                "es5-ext": "^0.10.35",
                "es6-symbol": "^3.1.1"
            }
        },
        "node_modules/es6-symbol": {
            "version": "3.1.3",
            "resolved": "https://registry.npmjs.org/es6-symbol/-/es6-symbol-3.1.3.tgz",
            "integrity": "sha512-NJ6Yn3FuDinBaBRWl/q5X/s4koRHBrgKAu+yGI6JCBeiu3qrcbJhwT2GeR/EXVfylRk8dpQVJoLEFhK+Mu31NA==",
            "dependencies": {
                "d": "^1.0.1",
                "ext": "^1.1.2"
            }
        },
        "node_modules/ext": {
            "version": "1.7.0",
            "resolved": "https://registry.npmjs.org/ext/-/ext-1.7.0.tgz",
            "integrity": "sha512-6hxeJYaL110a9b5TEJSj0gojyHQAmA2ch5Os+ySCiA1QGdS697XWY1pzsrSjqA9LDEEgdB/KypIlR59RcLuHYw==",
            "dependencies": {
                "type": "^2.7.2"
            }
        },
        "node_modules/ext/node_modules/type": {
            "version": "2.7.2",
            "resolved": "https://registry.npmjs.org/type/-/type-2.7.2.tgz",
            "integrity": "sha512-dzlvlNlt6AXU7EBSfpAscydQ7gXB+pPGsPnfJnZpiNJBDj7IaJzQlBZYGdEi4R9HmPdBv2XmWJ6YUtoTa7lmCw=="
        },
        "node_modules/extsprintf": {
            "version": "1.3.0",
            "resolved": "https://registry.npmjs.org/extsprintf/-/extsprintf-1.3.0.tgz",
            "integrity": "sha512-11Ndz7Nv+mvAC1j0ktTa7fAb0vLyGGX+rMHNBYQviQDGU0Hw7lhctJANqbPhu9nV9/izT/IntTgZ7Im/9LJs9g==",
            "engines": [
                "node >=0.6.0"
            ]
        },
        "node_modules/inherits": {
            "version": "2.0.4",
            "resolved": "https://registry.npmjs.org/inherits/-/inherits-2.0.4.tgz",
            "integrity": "sha512-k/vGaX4/Yla3WzyMCvTQOXYeIHvqOKtnqBduzTHpzpQZzAskKMhZ2K+EnBiSM9zGSoIFeMpXKxa4dYeZIQqewQ=="
        },
        "node_modules/is-buffer": {
            "version": "1.1.6",
            "resolved": "https://registry.npmjs.org/is-buffer/-/is-buffer-1.1.6.tgz",
            "integrity": "sha512-NcdALwpXkTm5Zvvbk7owOUSvVvBKDgKP5/ewfXEznmQFfs4ZRmanOeKBTjRVjka3QFoN6XJ+9F3USqfHqTaU5w=="
        },
        "node_modules/json-schema": {
            "version": "0.4.0",
            "resolved": "https://registry.npmjs.org/json-schema/-/json-schema-0.4.0.tgz",
            "integrity": "sha512-es94M3nTIfsEPisRafak+HDLfHXnKBhV3vU5eqPcS3flIWqcxJWgXHXiey3YrpaNsanY5ei1VoYEbOzijuq9BA=="
        },
        "node_modules/jsprim": {
            "version": "1.4.2",
            "resolved": "https://registry.npmjs.org/jsprim/-/jsprim-1.4.2.tgz",
            "integrity": "sha512-P2bSOMAc/ciLz6DzgjVlGJP9+BrJWu5UDGK70C2iweC5QBIeFf0ZXRvGjEj2uYgrY2MkAAhsSWHDWlFtEroZWw==",
            "dependencies": {
                "assert-plus": "1.0.0",
                "extsprintf": "1.3.0",
                "json-schema": "0.4.0",
                "verror": "1.10.0"
            },
            "engines": {
                "node": ">=0.6.0"
            }
        },
        "node_modules/next-tick": {
            "version": "1.1.0",
            "resolved": "https://registry.npmjs.org/next-tick/-/next-tick-1.1.0.tgz",
            "integrity": "sha512-CXdUiJembsNjuToQvxayPZF9Vqht7hewsvy2sOWafLvi2awflj9mOC6bHIg50orX8IJvWKY9wYQ/zB2kogPslQ=="
        },
        "node_modules/ohm-js": {
            "version": "0.14.0",
            "resolved": "https://registry.npmjs.org/ohm-js/-/ohm-js-0.14.0.tgz",
            "integrity": "sha512-Iuiapfkaf0ZdvuJo9thtE57BT93uNOSIb3/DtwuBNBJiiT28ALzTg++w3HoAXWbQBYPem9Bd8BaNJcDYoABWUA==",
            "hasInstallScript": true,
            "dependencies": {
                "es6-symbol": "^3.1.0",
                "inherits": "^2.0.3",
                "is-buffer": "^1.1.4",
                "util-extend": "^1.0.3"
            },
            "bin": {
                "ohm-js": "src/ohm-cmd.js"
            },
            "engines": {
                "node": ">=0.12.1"
            }
        },
        "node_modules/type": {
            "version": "1.2.0",
            "resolved": "https://registry.npmjs.org/type/-/type-1.2.0.tgz",
            "integrity": "sha512-+5nt5AAniqsCnu2cEQQdpzCAh33kVx8n0VoFidKpB1dVVLAN/F+bgVOqOJqOnEnrhp222clB5p3vUlD+1QAnfg=="
        },
        "node_modules/util-extend": {
            "version": "1.0.3",
            "resolved": "https://registry.npmjs.org/util-extend/-/util-extend-1.0.3.tgz",
            "integrity": "sha512-mLs5zAK+ctllYBj+iAQvlDCwoxU/WDOUaJkcFudeiAX6OajC6BKXJUa9a+tbtkC11dz2Ufb7h0lyvIOVn4LADA=="
        },
        "node_modules/verror": {
            "version": "1.10.0",
            "resolved": "https://registry.npmjs.org/verror/-/verror-1.10.0.tgz",
            "integrity": "sha512-ZZKSmDAEFOijERBLkmYfJ+vmk3w+7hOLYDNkRCuRuMJGEmqYNCNLyBBFwWKVMhfwaEF3WOd0Zlw86U/WC/+nYw==",
            "engines": [
                "node >=0.6.0"
            ],
            "dependencies": {
                "assert-plus": "^1.0.0",
                "core-util-is": "1.0.2",
                "extsprintf": "^1.2.0"
            }
        },
        "node_modules/verror/node_modules/core-util-is": {
            "version": "1.0.2",
            "resolved": "https://registry.npmjs.org/core-util-is/-/core-util-is-1.0.2.tgz",
            "integrity": "sha512-3lqz5YjWTYnW6dlDa5TLaTCcShfar1e40rmcJVwCBJC6mWlFuj0eCHIElmG1g5kyuJ/GD+8Wn4FFCcz4gJPfaQ=="
        }
    },
    "dependencies": {
        "assert-plus": {
            "version": "1.0.0",
            "resolved": "https://registry.npmjs.org/assert-plus/-/assert-plus-1.0.0.tgz",
            "integrity": "sha512-NfJ4UzBCcQGLDlQq7nHxH+tv3kyZ0hHQqF5BO6J7tNJeP5do1llPr8dZ8zHonfhAu0PHAdMkSo+8o0wxg9lZWw=="
        },
        "d": {
            "version": "1.0.1",
            "resolved": "https://registry.npmjs.org/d/-/d-1.0.1.tgz",
            "integrity": "sha512-m62ShEObQ39CfralilEQRjH6oAMtNCV1xJyEx5LpRYUVN+EviphDgUc/F3hnYbADmkiNs67Y+3ylmlG7Lnu+FA==",
            "requires": {
                "es5-ext": "^0.10.50",
                "type": "^1.0.1"
            }
        },
        "ent": {
            "version": "2.0.0",
            "resolved": "https://registry.npmjs.org/ent/-/ent-2.0.0.tgz",
            "integrity": "sha512-lH7vSpql+ZXZ3p7q6LutJxwTGypty20c8wU9KjvdQyx6kvuS6tuVgz5eBOJ5RCs75FDNGdYtpirDyJ4PC7W9VQ=="
        },
        "es5-ext": {
            "version": "0.10.62",
            "resolved": "https://registry.npmjs.org/es5-ext/-/es5-ext-0.10.62.tgz",
            "integrity": "sha512-BHLqn0klhEpnOKSrzn/Xsz2UIW8j+cGmo9JLzr8BiUapV8hPL9+FliFqjwr9ngW7jWdnxv6eO+/LqyhJVqgrjA==",
            "requires": {
                "es6-iterator": "^2.0.3",
                "es6-symbol": "^3.1.3",
                "next-tick": "^1.1.0"
            }
        },
        "es6-iterator": {
            "version": "2.0.3",
            "resolved": "https://registry.npmjs.org/es6-iterator/-/es6-iterator-2.0.3.tgz",
            "integrity": "sha512-zw4SRzoUkd+cl+ZoE15A9o1oQd920Bb0iOJMQkQhl3jNc03YqVjAhG7scf9C5KWRU/R13Orf588uCC6525o02g==",
            "requires": {
                "d": "1",
                "es5-ext": "^0.10.35",
                "es6-symbol": "^3.1.1"
            }
        },
        "es6-symbol": {
            "version": "3.1.3",
            "resolved": "https://registry.npmjs.org/es6-symbol/-/es6-symbol-3.1.3.tgz",
            "integrity": "sha512-NJ6Yn3FuDinBaBRWl/q5X/s4koRHBrgKAu+yGI6JCBeiu3qrcbJhwT2GeR/EXVfylRk8dpQVJoLEFhK+Mu31NA==",
            "requires": {
                "d": "^1.0.1",
                "ext": "^1.1.2"
            }
        },
        "ext": {
            "version": "1.7.0",
            "resolved": "https://registry.npmjs.org/ext/-/ext-1.7.0.tgz",
            "integrity": "sha512-6hxeJYaL110a9b5TEJSj0gojyHQAmA2ch5Os+ySCiA1QGdS697XWY1pzsrSjqA9LDEEgdB/KypIlR59RcLuHYw==",
            "requires": {
                "type": "^2.7.2"
            },
            "dependencies": {
                "type": {
                    "version": "2.7.2",
                    "resolved": "https://registry.npmjs.org/type/-/type-2.7.2.tgz",
                    "integrity": "sha512-dzlvlNlt6AXU7EBSfpAscydQ7gXB+pPGsPnfJnZpiNJBDj7IaJzQlBZYGdEi4R9HmPdBv2XmWJ6YUtoTa7lmCw=="
                }
            }
        },
        "extsprintf": {
            "version": "1.3.0",
            "resolved": "https://registry.npmjs.org/extsprintf/-/extsprintf-1.3.0.tgz",
            "integrity": "sha512-11Ndz7Nv+mvAC1j0ktTa7fAb0vLyGGX+rMHNBYQviQDGU0Hw7lhctJANqbPhu9nV9/izT/IntTgZ7Im/9LJs9g=="
        },
        "inherits": {
            "version": "2.0.4",
            "resolved": "https://registry.npmjs.org/inherits/-/inherits-2.0.4.tgz",
            "integrity": "sha512-k/vGaX4/Yla3WzyMCvTQOXYeIHvqOKtnqBduzTHpzpQZzAskKMhZ2K+EnBiSM9zGSoIFeMpXKxa4dYeZIQqewQ=="
        },
        "is-buffer": {
            "version": "1.1.6",
            "resolved": "https://registry.npmjs.org/is-buffer/-/is-buffer-1.1.6.tgz",
            "integrity": "sha512-NcdALwpXkTm5Zvvbk7owOUSvVvBKDgKP5/ewfXEznmQFfs4ZRmanOeKBTjRVjka3QFoN6XJ+9F3USqfHqTaU5w=="
        },
        "json-schema": {
            "version": "0.4.0",
            "resolved": "https://registry.npmjs.org/json-schema/-/json-schema-0.4.0.tgz",
            "integrity": "sha512-es94M3nTIfsEPisRafak+HDLfHXnKBhV3vU5eqPcS3flIWqcxJWgXHXiey3YrpaNsanY5ei1VoYEbOzijuq9BA=="
        },
        "jsprim": {
            "version": "1.4.2",
            "resolved": "https://registry.npmjs.org/jsprim/-/jsprim-1.4.2.tgz",
            "integrity": "sha512-P2bSOMAc/ciLz6DzgjVlGJP9+BrJWu5UDGK70C2iweC5QBIeFf0ZXRvGjEj2uYgrY2MkAAhsSWHDWlFtEroZWw==",
            "requires": {
                "assert-plus": "1.0.0",
                "extsprintf": "1.3.0",
                "json-schema": "0.4.0",
                "verror": "1.10.0"
            }
        },
        "next-tick": {
            "version": "1.1.0",
            "resolved": "https://registry.npmjs.org/next-tick/-/next-tick-1.1.0.tgz",
            "integrity": "sha512-CXdUiJembsNjuToQvxayPZF9Vqht7hewsvy2sOWafLvi2awflj9mOC6bHIg50orX8IJvWKY9wYQ/zB2kogPslQ=="
        },
        "ohm-js": {
            "version": "0.14.0",
            "resolved": "https://registry.npmjs.org/ohm-js/-/ohm-js-0.14.0.tgz",
            "integrity": "sha512-Iuiapfkaf0ZdvuJo9thtE57BT93uNOSIb3/DtwuBNBJiiT28ALzTg++w3HoAXWbQBYPem9Bd8BaNJcDYoABWUA==",
            "requires": {
                "es6-symbol": "^3.1.0",
                "inherits": "^2.0.3",
                "is-buffer": "^1.1.4",
                "util-extend": "^1.0.3"
            }
        },
        "type": {
            "version": "1.2.0",
            "resolved": "https://registry.npmjs.org/type/-/type-1.2.0.tgz",
            "integrity": "sha512-+5nt5AAniqsCnu2cEQQdpzCAh33kVx8n0VoFidKpB1dVVLAN/F+bgVOqOJqOnEnrhp222clB5p3vUlD+1QAnfg=="
        },
        "util-extend": {
            "version": "1.0.3",
            "resolved": "https://registry.npmjs.org/util-extend/-/util-extend-1.0.3.tgz",
            "integrity": "sha512-mLs5zAK+ctllYBj+iAQvlDCwoxU/WDOUaJkcFudeiAX6OajC6BKXJUa9a+tbtkC11dz2Ufb7h0lyvIOVn4LADA=="
        },
        "verror": {
            "version": "1.10.0",
            "resolved": "https://registry.npmjs.org/verror/-/verror-1.10.0.tgz",
            "integrity": "sha512-ZZKSmDAEFOijERBLkmYfJ+vmk3w+7hOLYDNkRCuRuMJGEmqYNCNLyBBFwWKVMhfwaEF3WOd0Zlw86U/WC/+nYw==",
            "requires": {
                "assert-plus": "^1.0.0",
                "core-util-is": "1.0.2",
                "extsprintf": "^1.2.0"
            },
            "dependencies": {
                "core-util-is": {
                    "version": "1.0.2",
                    "resolved": "https://registry.npmjs.org/core-util-is/-/core-util-is-1.0.2.tgz",
                    "integrity": "sha512-3lqz5YjWTYnW6dlDa5TLaTCcShfar1e40rmcJVwCBJC6mWlFuj0eCHIElmG1g5kyuJ/GD+8Wn4FFCcz4gJPfaQ=="
                }
            }
        }
    }
}
